// !$*UTF8*$!
{
	archiveVersion = 1;
	classes = {
	};
	objectVersion = 46;
	objects = {

/* Begin PBXBuildFile section */
		C6439A341C090A40006BCF73 /* schema.txt in Resources */ = {isa = PBXBuildFile; fileRef = C6439A331C090A40006BCF73 /* schema.txt */; };
		C6439A361C0930CC006BCF73 /* FindFriends.storyboard in Resources */ = {isa = PBXBuildFile; fileRef = C6439A351C0930CC006BCF73 /* FindFriends.storyboard */; };
		C6439A391C09311B006BCF73 /* ZHFindFriendsViewController.m in Sources */ = {isa = PBXBuildFile; fileRef = C6439A381C09311B006BCF73 /* ZHFindFriendsViewController.m */; };
		C6439A3D1C0962C4006BCF73 /* ZHYouViewController.m in Sources */ = {isa = PBXBuildFile; fileRef = C6439A3C1C0962C4006BCF73 /* ZHYouViewController.m */; };
		C6439A401C096BB7006BCF73 /* ZHContactsManager.m in Sources */ = {isa = PBXBuildFile; fileRef = C6439A3F1C096BB6006BCF73 /* ZHContactsManager.m */; };
		C6439A431C097071006BCF73 /* ZHViewController.m in Sources */ = {isa = PBXBuildFile; fileRef = C6439A421C097071006BCF73 /* ZHViewController.m */; };
		C6439A461C097085006BCF73 /* ZHTableViewController.m in Sources */ = {isa = PBXBuildFile; fileRef = C6439A451C097085006BCF73 /* ZHTableViewController.m */; };
		C6439A491C097092006BCF73 /* ZHCollectionViewController.m in Sources */ = {isa = PBXBuildFile; fileRef = C6439A481C097092006BCF73 /* ZHCollectionViewController.m */; };
		C670921B1C08325100AE06F3 /* CloudKit.framework in Frameworks */ = {isa = PBXBuildFile; fileRef = C670921A1C08325100AE06F3 /* CloudKit.framework */; };
		C670921E1C08330100AE06F3 /* ZHCloudManager.m in Sources */ = {isa = PBXBuildFile; fileRef = C670921D1C08330100AE06F3 /* ZHCloudManager.m */; };
		C67092221C08346D00AE06F3 /* ZHUser.m in Sources */ = {isa = PBXBuildFile; fileRef = C67092211C08346D00AE06F3 /* ZHUser.m */; };
		C67092251C08396A00AE06F3 /* ZHOnboardingViewController.m in Sources */ = {isa = PBXBuildFile; fileRef = C67092241C08396A00AE06F3 /* ZHOnboardingViewController.m */; };
		C67D86331BBF429800B2C4CF /* main.m in Sources */ = {isa = PBXBuildFile; fileRef = C67D86321BBF429800B2C4CF /* main.m */; };
		C67D86361BBF429800B2C4CF /* AppDelegate.m in Sources */ = {isa = PBXBuildFile; fileRef = C67D86351BBF429800B2C4CF /* AppDelegate.m */; };
		C67D86391BBF429800B2C4CF /* ZHMasterViewController.m in Sources */ = {isa = PBXBuildFile; fileRef = C67D86381BBF429800B2C4CF /* ZHMasterViewController.m */; };
		C67D863C1BBF429800B2C4CF /* ZHAssetDetailViewController.m in Sources */ = {isa = PBXBuildFile; fileRef = C67D863B1BBF429800B2C4CF /* ZHAssetDetailViewController.m */; };
		C67D863F1BBF429800B2C4CF /* Main.storyboard in Resources */ = {isa = PBXBuildFile; fileRef = C67D863D1BBF429800B2C4CF /* Main.storyboard */; };
		C67D86411BBF429800B2C4CF /* Assets.xcassets in Resources */ = {isa = PBXBuildFile; fileRef = C67D86401BBF429800B2C4CF /* Assets.xcassets */; };
		C67D86441BBF429800B2C4CF /* LaunchScreen.storyboard in Resources */ = {isa = PBXBuildFile; fileRef = C67D86421BBF429800B2C4CF /* LaunchScreen.storyboard */; };
		C67D864D1BBF42B100B2C4CF /* ZHAssetManager.m in Sources */ = {isa = PBXBuildFile; fileRef = C67D864C1BBF42B100B2C4CF /* ZHAssetManager.m */; };
		C67D86571BBF4C2C00B2C4CF /* Onboarding.storyboard in Resources */ = {isa = PBXBuildFile; fileRef = C67D86561BBF4C2C00B2C4CF /* Onboarding.storyboard */; };
		C67D86591BBF4E7400B2C4CF /* MapKit.framework in Frameworks */ = {isa = PBXBuildFile; fileRef = C67D86581BBF4E7400B2C4CF /* MapKit.framework */; };
		C67D86651BBF541600B2C4CF /* ZHLocationViewController.m in Sources */ = {isa = PBXBuildFile; fileRef = C67D86641BBF541600B2C4CF /* ZHLocationViewController.m */; };
		C67D86681BBF5B2700B2C4CF /* ZHPin.m in Sources */ = {isa = PBXBuildFile; fileRef = C67D86671BBF5B2700B2C4CF /* ZHPin.m */; };
		C67D86951BBF7EF800B2C4CF /* PHAsset+Utility.m in Sources */ = {isa = PBXBuildFile; fileRef = C67D867C1BBF7EF800B2C4CF /* PHAsset+Utility.m */; };
		C67D86961BBF7EF800B2C4CF /* UIColor+ZH.m in Sources */ = {isa = PBXBuildFile; fileRef = C67D867D1BBF7EF800B2C4CF /* UIColor+ZH.m */; };
		C67D86971BBF7EF800B2C4CF /* CLLocation+ZH.m in Sources */ = {isa = PBXBuildFile; fileRef = C67D86801BBF7EF800B2C4CF /* CLLocation+ZH.m */; };
		C67D86981BBF7EF800B2C4CF /* NSDate+ZH.m in Sources */ = {isa = PBXBuildFile; fileRef = C67D86821BBF7EF800B2C4CF /* NSDate+ZH.m */; };
		C67D86991BBF7EF800B2C4CF /* NSDate+Utilities.m in Sources */ = {isa = PBXBuildFile; fileRef = C67D86841BBF7EF800B2C4CF /* NSDate+Utilities.m */; };
		C67D869A1BBF7EF800B2C4CF /* NSError+ZH.m in Sources */ = {isa = PBXBuildFile; fileRef = C67D86861BBF7EF800B2C4CF /* NSError+ZH.m */; };
		C67D869B1BBF7EF800B2C4CF /* NSString+ZH.m in Sources */ = {isa = PBXBuildFile; fileRef = C67D86881BBF7EF800B2C4CF /* NSString+ZH.m */; };
		C67D869C1BBF7EF800B2C4CF /* NSTimer+Blocks.m in Sources */ = {isa = PBXBuildFile; fileRef = C67D868A1BBF7EF800B2C4CF /* NSTimer+Blocks.m */; };
		C67D869D1BBF7EF800B2C4CF /* NSURLRequest+AFCurlRequest.m in Sources */ = {isa = PBXBuildFile; fileRef = C67D868C1BBF7EF800B2C4CF /* NSURLRequest+AFCurlRequest.m */; };
		C67D869E1BBF7EF800B2C4CF /* NSURLRequest+curl.m in Sources */ = {isa = PBXBuildFile; fileRef = C67D868E1BBF7EF800B2C4CF /* NSURLRequest+curl.m */; };
		C67D869F1BBF7EF800B2C4CF /* UIFont+ZH.m in Sources */ = {isa = PBXBuildFile; fileRef = C67D86901BBF7EF800B2C4CF /* UIFont+ZH.m */; };
		C67D86A01BBF7EF800B2C4CF /* UIView+RenderToImage.m in Sources */ = {isa = PBXBuildFile; fileRef = C67D86921BBF7EF800B2C4CF /* UIView+RenderToImage.m */; };
		C67D86A11BBF7EF800B2C4CF /* UIViewController+AlertController.m in Sources */ = {isa = PBXBuildFile; fileRef = C67D86941BBF7EF800B2C4CF /* UIViewController+AlertController.m */; };
		C67D86A91BBF959800B2C4CF /* ZHLocationSearchTableViewController.m in Sources */ = {isa = PBXBuildFile; fileRef = C67D86A81BBF959800B2C4CF /* ZHLocationSearchTableViewController.m */; };
		C67D86AC1BC04B2700B2C4CF /* ZHUserDefaults.m in Sources */ = {isa = PBXBuildFile; fileRef = C67D86AB1BC04B2700B2C4CF /* ZHUserDefaults.m */; };
		C67D86B01BC04CDC00B2C4CF /* ZHQueueViewController.m in Sources */ = {isa = PBXBuildFile; fileRef = C67D86AF1BC04CDC00B2C4CF /* ZHQueueViewController.m */; };
		C6B829781BC31CE800782468 /* Map.storyboard in Resources */ = {isa = PBXBuildFile; fileRef = C6B829771BC31CE800782468 /* Map.storyboard */; };
		C6B8297B1BC31D0E00782468 /* ZHMapViewController.m in Sources */ = {isa = PBXBuildFile; fileRef = C6B8297A1BC31D0E00782468 /* ZHMapViewController.m */; };
		C6B829851BC3202A00782468 /* ZHAssetAnnotation.m in Sources */ = {isa = PBXBuildFile; fileRef = C6B829821BC3202A00782468 /* ZHAssetAnnotation.m */; };
		C6B829861BC3202A00782468 /* ZHAssetAnnotationView.m in Sources */ = {isa = PBXBuildFile; fileRef = C6B829841BC3202A00782468 /* ZHAssetAnnotationView.m */; };
		C6BBCA3B1BC31C0A009D6887 /* Ideas.txt in Resources */ = {isa = PBXBuildFile; fileRef = C6BBCA281BC31C0A009D6887 /* Ideas.txt */; };
		C6BBCA3C1BC31C0A009D6887 /* VWWClusteredAnnotation.m in Sources */ = {isa = PBXBuildFile; fileRef = C6BBCA2B1BC31C0A009D6887 /* VWWClusteredAnnotation.m */; };
		C6BBCA3D1BC31C0A009D6887 /* VWWCoordinateQuadTree.m in Sources */ = {isa = PBXBuildFile; fileRef = C6BBCA2D1BC31C0A009D6887 /* VWWCoordinateQuadTree.m */; };
		C6BBCA3E1BC31C0A009D6887 /* VWWQuadTree.m in Sources */ = {isa = PBXBuildFile; fileRef = C6BBCA2F1BC31C0A009D6887 /* VWWQuadTree.m */; };
		C6BBCA3F1BC31C0A009D6887 /* VWWAnnotationFanoutView.m in Sources */ = {isa = PBXBuildFile; fileRef = C6BBCA311BC31C0A009D6887 /* VWWAnnotationFanoutView.m */; };
		C6BBCA401BC31C0A009D6887 /* VWWClusteredAnnotationView.m in Sources */ = {isa = PBXBuildFile; fileRef = C6BBCA331BC31C0A009D6887 /* VWWClusteredAnnotationView.m */; };
		C6BBCA411BC31C0A009D6887 /* VWWClusteredMapView+MKMapViewDelegate.m in Sources */ = {isa = PBXBuildFile; fileRef = C6BBCA361BC31C0A009D6887 /* VWWClusteredMapView+MKMapViewDelegate.m */; };
		C6BBCA421BC31C0A009D6887 /* VWWClusteredMapView+Private.m in Sources */ = {isa = PBXBuildFile; fileRef = C6BBCA381BC31C0A009D6887 /* VWWClusteredMapView+Private.m */; };
		C6BBCA431BC31C0A009D6887 /* VWWClusteredMapView.m in Sources */ = {isa = PBXBuildFile; fileRef = C6BBCA3A1BC31C0A009D6887 /* VWWClusteredMapView.m */; };
		E2A8CCBCF0FF12260E333EE7 /* libPods.a in Frameworks */ = {isa = PBXBuildFile; fileRef = 4C6D147742AB67BDF61BB20A /* libPods.a */; };
/* End PBXBuildFile section */

/* Begin PBXFileReference section */
		4C6D147742AB67BDF61BB20A /* libPods.a */ = {isa = PBXFileReference; explicitFileType = archive.ar; includeInIndex = 0; path = libPods.a; sourceTree = BUILT_PRODUCTS_DIR; };
		7987C76C34D294E7BC411789 /* Pods.release.xcconfig */ = {isa = PBXFileReference; includeInIndex = 1; lastKnownFileType = text.xcconfig; name = Pods.release.xcconfig; path = "Pods/Target Support Files/Pods/Pods.release.xcconfig"; sourceTree = "<group>"; };
		C6439A331C090A40006BCF73 /* schema.txt */ = {isa = PBXFileReference; fileEncoding = 4; lastKnownFileType = text; path = schema.txt; sourceTree = "<group>"; };
		C6439A351C0930CC006BCF73 /* FindFriends.storyboard */ = {isa = PBXFileReference; fileEncoding = 4; lastKnownFileType = file.storyboard; path = FindFriends.storyboard; sourceTree = "<group>"; };
		C6439A371C09311B006BCF73 /* ZHFindFriendsViewController.h */ = {isa = PBXFileReference; fileEncoding = 4; lastKnownFileType = sourcecode.c.h; path = ZHFindFriendsViewController.h; sourceTree = "<group>"; };
		C6439A381C09311B006BCF73 /* ZHFindFriendsViewController.m */ = {isa = PBXFileReference; fileEncoding = 4; lastKnownFileType = sourcecode.c.objc; path = ZHFindFriendsViewController.m; sourceTree = "<group>"; };
		C6439A3B1C0962C4006BCF73 /* ZHYouViewController.h */ = {isa = PBXFileReference; fileEncoding = 4; lastKnownFileType = sourcecode.c.h; path = ZHYouViewController.h; sourceTree = "<group>"; };
		C6439A3C1C0962C4006BCF73 /* ZHYouViewController.m */ = {isa = PBXFileReference; fileEncoding = 4; lastKnownFileType = sourcecode.c.objc; path = ZHYouViewController.m; sourceTree = "<group>"; };
		C6439A3E1C096BB6006BCF73 /* ZHContactsManager.h */ = {isa = PBXFileReference; fileEncoding = 4; lastKnownFileType = sourcecode.c.h; path = ZHContactsManager.h; sourceTree = "<group>"; };
		C6439A3F1C096BB6006BCF73 /* ZHContactsManager.m */ = {isa = PBXFileReference; fileEncoding = 4; lastKnownFileType = sourcecode.c.objc; path = ZHContactsManager.m; sourceTree = "<group>"; };
		C6439A411C097071006BCF73 /* ZHViewController.h */ = {isa = PBXFileReference; fileEncoding = 4; lastKnownFileType = sourcecode.c.h; path = ZHViewController.h; sourceTree = "<group>"; };
		C6439A421C097071006BCF73 /* ZHViewController.m */ = {isa = PBXFileReference; fileEncoding = 4; lastKnownFileType = sourcecode.c.objc; path = ZHViewController.m; sourceTree = "<group>"; };
		C6439A441C097085006BCF73 /* ZHTableViewController.h */ = {isa = PBXFileReference; fileEncoding = 4; lastKnownFileType = sourcecode.c.h; path = ZHTableViewController.h; sourceTree = "<group>"; };
		C6439A451C097085006BCF73 /* ZHTableViewController.m */ = {isa = PBXFileReference; fileEncoding = 4; lastKnownFileType = sourcecode.c.objc; path = ZHTableViewController.m; sourceTree = "<group>"; };
		C6439A471C097092006BCF73 /* ZHCollectionViewController.h */ = {isa = PBXFileReference; fileEncoding = 4; lastKnownFileType = sourcecode.c.h; path = ZHCollectionViewController.h; sourceTree = "<group>"; };
		C6439A481C097092006BCF73 /* ZHCollectionViewController.m */ = {isa = PBXFileReference; fileEncoding = 4; lastKnownFileType = sourcecode.c.objc; path = ZHCollectionViewController.m; sourceTree = "<group>"; };
		C6439A4B1C0970EE006BCF73 /* ZHViewControllerImports.h */ = {isa = PBXFileReference; lastKnownFileType = sourcecode.c.h; path = ZHViewControllerImports.h; sourceTree = "<group>"; };
		C67092191C08323900AE06F3 /* Phototography.entitlements */ = {isa = PBXFileReference; lastKnownFileType = text.xml; path = Phototography.entitlements; sourceTree = "<group>"; };
		C670921A1C08325100AE06F3 /* CloudKit.framework */ = {isa = PBXFileReference; lastKnownFileType = wrapper.framework; name = CloudKit.framework; path = System/Library/Frameworks/CloudKit.framework; sourceTree = SDKROOT; };
		C670921C1C08330100AE06F3 /* ZHCloudManager.h */ = {isa = PBXFileReference; fileEncoding = 4; lastKnownFileType = sourcecode.c.h; path = ZHCloudManager.h; sourceTree = "<group>"; };
		C670921D1C08330100AE06F3 /* ZHCloudManager.m */ = {isa = PBXFileReference; fileEncoding = 4; lastKnownFileType = sourcecode.c.objc; path = ZHCloudManager.m; sourceTree = "<group>"; };
		C67092201C08346D00AE06F3 /* ZHUser.h */ = {isa = PBXFileReference; fileEncoding = 4; lastKnownFileType = sourcecode.c.h; path = ZHUser.h; sourceTree = "<group>"; };
		C67092211C08346D00AE06F3 /* ZHUser.m */ = {isa = PBXFileReference; fileEncoding = 4; lastKnownFileType = sourcecode.c.objc; path = ZHUser.m; sourceTree = "<group>"; };
		C67092231C08396A00AE06F3 /* ZHOnboardingViewController.h */ = {isa = PBXFileReference; fileEncoding = 4; lastKnownFileType = sourcecode.c.h; path = ZHOnboardingViewController.h; sourceTree = "<group>"; };
		C67092241C08396A00AE06F3 /* ZHOnboardingViewController.m */ = {isa = PBXFileReference; fileEncoding = 4; lastKnownFileType = sourcecode.c.objc; path = ZHOnboardingViewController.m; sourceTree = "<group>"; };
		C67D862E1BBF429800B2C4CF /* Phototography.app */ = {isa = PBXFileReference; explicitFileType = wrapper.application; includeInIndex = 0; path = Phototography.app; sourceTree = BUILT_PRODUCTS_DIR; };
		C67D86321BBF429800B2C4CF /* main.m */ = {isa = PBXFileReference; lastKnownFileType = sourcecode.c.objc; path = main.m; sourceTree = "<group>"; };
		C67D86341BBF429800B2C4CF /* AppDelegate.h */ = {isa = PBXFileReference; lastKnownFileType = sourcecode.c.h; path = AppDelegate.h; sourceTree = "<group>"; };
		C67D86351BBF429800B2C4CF /* AppDelegate.m */ = {isa = PBXFileReference; lastKnownFileType = sourcecode.c.objc; path = AppDelegate.m; sourceTree = "<group>"; };
		C67D86371BBF429800B2C4CF /* ZHMasterViewController.h */ = {isa = PBXFileReference; lastKnownFileType = sourcecode.c.h; path = ZHMasterViewController.h; sourceTree = "<group>"; };
		C67D86381BBF429800B2C4CF /* ZHMasterViewController.m */ = {isa = PBXFileReference; lastKnownFileType = sourcecode.c.objc; path = ZHMasterViewController.m; sourceTree = "<group>"; };
		C67D863A1BBF429800B2C4CF /* ZHAssetDetailViewController.h */ = {isa = PBXFileReference; lastKnownFileType = sourcecode.c.h; path = ZHAssetDetailViewController.h; sourceTree = "<group>"; };
		C67D863B1BBF429800B2C4CF /* ZHAssetDetailViewController.m */ = {isa = PBXFileReference; lastKnownFileType = sourcecode.c.objc; path = ZHAssetDetailViewController.m; sourceTree = "<group>"; };
		C67D863E1BBF429800B2C4CF /* Base */ = {isa = PBXFileReference; lastKnownFileType = file.storyboard; name = Base; path = Base.lproj/Main.storyboard; sourceTree = "<group>"; };
		C67D86401BBF429800B2C4CF /* Assets.xcassets */ = {isa = PBXFileReference; lastKnownFileType = folder.assetcatalog; path = Assets.xcassets; sourceTree = "<group>"; };
		C67D86431BBF429800B2C4CF /* Base */ = {isa = PBXFileReference; lastKnownFileType = file.storyboard; name = Base; path = Base.lproj/LaunchScreen.storyboard; sourceTree = "<group>"; };
		C67D86451BBF429800B2C4CF /* Info.plist */ = {isa = PBXFileReference; lastKnownFileType = text.plist.xml; path = Info.plist; sourceTree = "<group>"; };
		C67D864B1BBF42B100B2C4CF /* ZHAssetManager.h */ = {isa = PBXFileReference; fileEncoding = 4; lastKnownFileType = sourcecode.c.h; path = ZHAssetManager.h; sourceTree = "<group>"; };
		C67D864C1BBF42B100B2C4CF /* ZHAssetManager.m */ = {isa = PBXFileReference; fileEncoding = 4; lastKnownFileType = sourcecode.c.objc; path = ZHAssetManager.m; sourceTree = "<group>"; };
		C67D86511BBF4A7B00B2C4CF /* Podfile */ = {isa = PBXFileReference; lastKnownFileType = text; path = Podfile; sourceTree = SOURCE_ROOT; xcLanguageSpecificationIdentifier = xcode.lang.ruby; };
		C67D86561BBF4C2C00B2C4CF /* Onboarding.storyboard */ = {isa = PBXFileReference; fileEncoding = 4; lastKnownFileType = file.storyboard; path = Onboarding.storyboard; sourceTree = "<group>"; };
		C67D86581BBF4E7400B2C4CF /* MapKit.framework */ = {isa = PBXFileReference; lastKnownFileType = wrapper.framework; name = MapKit.framework; path = System/Library/Frameworks/MapKit.framework; sourceTree = SDKROOT; };
		C67D86631BBF541600B2C4CF /* ZHLocationViewController.h */ = {isa = PBXFileReference; fileEncoding = 4; lastKnownFileType = sourcecode.c.h; path = ZHLocationViewController.h; sourceTree = "<group>"; };
		C67D86641BBF541600B2C4CF /* ZHLocationViewController.m */ = {isa = PBXFileReference; fileEncoding = 4; lastKnownFileType = sourcecode.c.objc; path = ZHLocationViewController.m; sourceTree = "<group>"; };
		C67D86661BBF5B2700B2C4CF /* ZHPin.h */ = {isa = PBXFileReference; fileEncoding = 4; lastKnownFileType = sourcecode.c.h; path = ZHPin.h; sourceTree = "<group>"; };
		C67D86671BBF5B2700B2C4CF /* ZHPin.m */ = {isa = PBXFileReference; fileEncoding = 4; lastKnownFileType = sourcecode.c.objc; path = ZHPin.m; sourceTree = "<group>"; };
		C67D867B1BBF7EF800B2C4CF /* PHAsset+Utility.h */ = {isa = PBXFileReference; fileEncoding = 4; lastKnownFileType = sourcecode.c.h; name = "PHAsset+Utility.h"; path = "Categories/PHAsset+Utility.h"; sourceTree = "<group>"; };
		C67D867C1BBF7EF800B2C4CF /* PHAsset+Utility.m */ = {isa = PBXFileReference; fileEncoding = 4; lastKnownFileType = sourcecode.c.objc; name = "PHAsset+Utility.m"; path = "Categories/PHAsset+Utility.m"; sourceTree = "<group>"; };
		C67D867D1BBF7EF800B2C4CF /* UIColor+ZH.m */ = {isa = PBXFileReference; fileEncoding = 4; lastKnownFileType = sourcecode.c.objc; name = "UIColor+ZH.m"; path = "Categories/UIColor+ZH.m"; sourceTree = "<group>"; };
		C67D867E1BBF7EF800B2C4CF /* UIColor+ZH.h */ = {isa = PBXFileReference; fileEncoding = 4; lastKnownFileType = sourcecode.c.h; name = "UIColor+ZH.h"; path = "Categories/UIColor+ZH.h"; sourceTree = "<group>"; };
		C67D867F1BBF7EF800B2C4CF /* CLLocation+ZH.h */ = {isa = PBXFileReference; fileEncoding = 4; lastKnownFileType = sourcecode.c.h; name = "CLLocation+ZH.h"; path = "Categories/CLLocation+ZH.h"; sourceTree = "<group>"; };
		C67D86801BBF7EF800B2C4CF /* CLLocation+ZH.m */ = {isa = PBXFileReference; fileEncoding = 4; lastKnownFileType = sourcecode.c.objc; name = "CLLocation+ZH.m"; path = "Categories/CLLocation+ZH.m"; sourceTree = "<group>"; };
		C67D86811BBF7EF800B2C4CF /* NSDate+ZH.h */ = {isa = PBXFileReference; fileEncoding = 4; lastKnownFileType = sourcecode.c.h; name = "NSDate+ZH.h"; path = "Categories/NSDate+ZH.h"; sourceTree = "<group>"; };
		C67D86821BBF7EF800B2C4CF /* NSDate+ZH.m */ = {isa = PBXFileReference; fileEncoding = 4; lastKnownFileType = sourcecode.c.objc; name = "NSDate+ZH.m"; path = "Categories/NSDate+ZH.m"; sourceTree = "<group>"; };
		C67D86831BBF7EF800B2C4CF /* NSDate+Utilities.h */ = {isa = PBXFileReference; fileEncoding = 4; lastKnownFileType = sourcecode.c.h; name = "NSDate+Utilities.h"; path = "Categories/NSDate+Utilities.h"; sourceTree = "<group>"; };
		C67D86841BBF7EF800B2C4CF /* NSDate+Utilities.m */ = {isa = PBXFileReference; fileEncoding = 4; lastKnownFileType = sourcecode.c.objc; name = "NSDate+Utilities.m"; path = "Categories/NSDate+Utilities.m"; sourceTree = "<group>"; };
		C67D86851BBF7EF800B2C4CF /* NSError+ZH.h */ = {isa = PBXFileReference; fileEncoding = 4; lastKnownFileType = sourcecode.c.h; name = "NSError+ZH.h"; path = "Categories/NSError+ZH.h"; sourceTree = "<group>"; };
		C67D86861BBF7EF800B2C4CF /* NSError+ZH.m */ = {isa = PBXFileReference; fileEncoding = 4; lastKnownFileType = sourcecode.c.objc; name = "NSError+ZH.m"; path = "Categories/NSError+ZH.m"; sourceTree = "<group>"; };
		C67D86871BBF7EF800B2C4CF /* NSString+ZH.h */ = {isa = PBXFileReference; fileEncoding = 4; lastKnownFileType = sourcecode.c.h; name = "NSString+ZH.h"; path = "Categories/NSString+ZH.h"; sourceTree = "<group>"; };
		C67D86881BBF7EF800B2C4CF /* NSString+ZH.m */ = {isa = PBXFileReference; fileEncoding = 4; lastKnownFileType = sourcecode.c.objc; name = "NSString+ZH.m"; path = "Categories/NSString+ZH.m"; sourceTree = "<group>"; };
		C67D86891BBF7EF800B2C4CF /* NSTimer+Blocks.h */ = {isa = PBXFileReference; fileEncoding = 4; lastKnownFileType = sourcecode.c.h; name = "NSTimer+Blocks.h"; path = "Categories/NSTimer+Blocks.h"; sourceTree = "<group>"; };
		C67D868A1BBF7EF800B2C4CF /* NSTimer+Blocks.m */ = {isa = PBXFileReference; fileEncoding = 4; lastKnownFileType = sourcecode.c.objc; name = "NSTimer+Blocks.m"; path = "Categories/NSTimer+Blocks.m"; sourceTree = "<group>"; };
		C67D868B1BBF7EF800B2C4CF /* NSURLRequest+AFCurlRequest.h */ = {isa = PBXFileReference; fileEncoding = 4; lastKnownFileType = sourcecode.c.h; name = "NSURLRequest+AFCurlRequest.h"; path = "Categories/NSURLRequest+AFCurlRequest.h"; sourceTree = "<group>"; };
		C67D868C1BBF7EF800B2C4CF /* NSURLRequest+AFCurlRequest.m */ = {isa = PBXFileReference; fileEncoding = 4; lastKnownFileType = sourcecode.c.objc; name = "NSURLRequest+AFCurlRequest.m"; path = "Categories/NSURLRequest+AFCurlRequest.m"; sourceTree = "<group>"; };
		C67D868D1BBF7EF800B2C4CF /* NSURLRequest+curl.h */ = {isa = PBXFileReference; fileEncoding = 4; lastKnownFileType = sourcecode.c.h; name = "NSURLRequest+curl.h"; path = "Categories/NSURLRequest+curl.h"; sourceTree = "<group>"; };
		C67D868E1BBF7EF800B2C4CF /* NSURLRequest+curl.m */ = {isa = PBXFileReference; fileEncoding = 4; lastKnownFileType = sourcecode.c.objc; name = "NSURLRequest+curl.m"; path = "Categories/NSURLRequest+curl.m"; sourceTree = "<group>"; };
		C67D868F1BBF7EF800B2C4CF /* UIFont+ZH.h */ = {isa = PBXFileReference; fileEncoding = 4; lastKnownFileType = sourcecode.c.h; name = "UIFont+ZH.h"; path = "Categories/UIFont+ZH.h"; sourceTree = "<group>"; };
		C67D86901BBF7EF800B2C4CF /* UIFont+ZH.m */ = {isa = PBXFileReference; fileEncoding = 4; lastKnownFileType = sourcecode.c.objc; name = "UIFont+ZH.m"; path = "Categories/UIFont+ZH.m"; sourceTree = "<group>"; };
		C67D86911BBF7EF800B2C4CF /* UIView+RenderToImage.h */ = {isa = PBXFileReference; fileEncoding = 4; lastKnownFileType = sourcecode.c.h; name = "UIView+RenderToImage.h"; path = "Categories/UIView+RenderToImage.h"; sourceTree = "<group>"; };
		C67D86921BBF7EF800B2C4CF /* UIView+RenderToImage.m */ = {isa = PBXFileReference; fileEncoding = 4; lastKnownFileType = sourcecode.c.objc; name = "UIView+RenderToImage.m"; path = "Categories/UIView+RenderToImage.m"; sourceTree = "<group>"; };
		C67D86931BBF7EF800B2C4CF /* UIViewController+AlertController.h */ = {isa = PBXFileReference; fileEncoding = 4; lastKnownFileType = sourcecode.c.h; name = "UIViewController+AlertController.h"; path = "Categories/UIViewController+AlertController.h"; sourceTree = "<group>"; };
		C67D86941BBF7EF800B2C4CF /* UIViewController+AlertController.m */ = {isa = PBXFileReference; fileEncoding = 4; lastKnownFileType = sourcecode.c.objc; name = "UIViewController+AlertController.m"; path = "Categories/UIViewController+AlertController.m"; sourceTree = "<group>"; };
		C67D86A21BBF7F3000B2C4CF /* ZHDefines.h */ = {isa = PBXFileReference; lastKnownFileType = sourcecode.c.h; path = ZHDefines.h; sourceTree = "<group>"; };
		C67D86A71BBF959800B2C4CF /* ZHLocationSearchTableViewController.h */ = {isa = PBXFileReference; fileEncoding = 4; lastKnownFileType = sourcecode.c.h; path = ZHLocationSearchTableViewController.h; sourceTree = "<group>"; };
		C67D86A81BBF959800B2C4CF /* ZHLocationSearchTableViewController.m */ = {isa = PBXFileReference; fileEncoding = 4; lastKnownFileType = sourcecode.c.objc; path = ZHLocationSearchTableViewController.m; sourceTree = "<group>"; };
		C67D86AA1BC04B2700B2C4CF /* ZHUserDefaults.h */ = {isa = PBXFileReference; fileEncoding = 4; lastKnownFileType = sourcecode.c.h; path = ZHUserDefaults.h; sourceTree = "<group>"; };
		C67D86AB1BC04B2700B2C4CF /* ZHUserDefaults.m */ = {isa = PBXFileReference; fileEncoding = 4; lastKnownFileType = sourcecode.c.objc; path = ZHUserDefaults.m; sourceTree = "<group>"; };
		C67D86AE1BC04CDC00B2C4CF /* ZHQueueViewController.h */ = {isa = PBXFileReference; fileEncoding = 4; lastKnownFileType = sourcecode.c.h; path = ZHQueueViewController.h; sourceTree = "<group>"; };
		C67D86AF1BC04CDC00B2C4CF /* ZHQueueViewController.m */ = {isa = PBXFileReference; fileEncoding = 4; lastKnownFileType = sourcecode.c.objc; path = ZHQueueViewController.m; sourceTree = "<group>"; };
		C6B829771BC31CE800782468 /* Map.storyboard */ = {isa = PBXFileReference; fileEncoding = 4; lastKnownFileType = file.storyboard; path = Map.storyboard; sourceTree = "<group>"; };
		C6B829791BC31D0E00782468 /* ZHMapViewController.h */ = {isa = PBXFileReference; fileEncoding = 4; lastKnownFileType = sourcecode.c.h; path = ZHMapViewController.h; sourceTree = "<group>"; };
		C6B8297A1BC31D0E00782468 /* ZHMapViewController.m */ = {isa = PBXFileReference; fileEncoding = 4; lastKnownFileType = sourcecode.c.objc; path = ZHMapViewController.m; sourceTree = "<group>"; };
		C6B829811BC3202A00782468 /* ZHAssetAnnotation.h */ = {isa = PBXFileReference; fileEncoding = 4; lastKnownFileType = sourcecode.c.h; path = ZHAssetAnnotation.h; sourceTree = "<group>"; };
		C6B829821BC3202A00782468 /* ZHAssetAnnotation.m */ = {isa = PBXFileReference; fileEncoding = 4; lastKnownFileType = sourcecode.c.objc; path = ZHAssetAnnotation.m; sourceTree = "<group>"; };
		C6B829831BC3202A00782468 /* ZHAssetAnnotationView.h */ = {isa = PBXFileReference; fileEncoding = 4; lastKnownFileType = sourcecode.c.h; path = ZHAssetAnnotationView.h; sourceTree = "<group>"; };
		C6B829841BC3202A00782468 /* ZHAssetAnnotationView.m */ = {isa = PBXFileReference; fileEncoding = 4; lastKnownFileType = sourcecode.c.objc; path = ZHAssetAnnotationView.m; sourceTree = "<group>"; };
		C6BBCA281BC31C0A009D6887 /* Ideas.txt */ = {isa = PBXFileReference; fileEncoding = 4; lastKnownFileType = text; path = Ideas.txt; sourceTree = "<group>"; };
		C6BBCA2A1BC31C0A009D6887 /* VWWClusteredAnnotation.h */ = {isa = PBXFileReference; fileEncoding = 4; lastKnownFileType = sourcecode.c.h; path = VWWClusteredAnnotation.h; sourceTree = "<group>"; };
		C6BBCA2B1BC31C0A009D6887 /* VWWClusteredAnnotation.m */ = {isa = PBXFileReference; fileEncoding = 4; lastKnownFileType = sourcecode.c.objc; path = VWWClusteredAnnotation.m; sourceTree = "<group>"; };
		C6BBCA2C1BC31C0A009D6887 /* VWWCoordinateQuadTree.h */ = {isa = PBXFileReference; fileEncoding = 4; lastKnownFileType = sourcecode.c.h; path = VWWCoordinateQuadTree.h; sourceTree = "<group>"; };
		C6BBCA2D1BC31C0A009D6887 /* VWWCoordinateQuadTree.m */ = {isa = PBXFileReference; fileEncoding = 4; lastKnownFileType = sourcecode.c.objc; path = VWWCoordinateQuadTree.m; sourceTree = "<group>"; };
		C6BBCA2E1BC31C0A009D6887 /* VWWQuadTree.h */ = {isa = PBXFileReference; fileEncoding = 4; lastKnownFileType = sourcecode.c.h; path = VWWQuadTree.h; sourceTree = "<group>"; };
		C6BBCA2F1BC31C0A009D6887 /* VWWQuadTree.m */ = {isa = PBXFileReference; fileEncoding = 4; lastKnownFileType = sourcecode.c.objc; path = VWWQuadTree.m; sourceTree = "<group>"; };
		C6BBCA301BC31C0A009D6887 /* VWWAnnotationFanoutView.h */ = {isa = PBXFileReference; fileEncoding = 4; lastKnownFileType = sourcecode.c.h; path = VWWAnnotationFanoutView.h; sourceTree = "<group>"; };
		C6BBCA311BC31C0A009D6887 /* VWWAnnotationFanoutView.m */ = {isa = PBXFileReference; fileEncoding = 4; lastKnownFileType = sourcecode.c.objc; path = VWWAnnotationFanoutView.m; sourceTree = "<group>"; };
		C6BBCA321BC31C0A009D6887 /* VWWClusteredAnnotationView.h */ = {isa = PBXFileReference; fileEncoding = 4; lastKnownFileType = sourcecode.c.h; path = VWWClusteredAnnotationView.h; sourceTree = "<group>"; };
		C6BBCA331BC31C0A009D6887 /* VWWClusteredAnnotationView.m */ = {isa = PBXFileReference; fileEncoding = 4; lastKnownFileType = sourcecode.c.objc; path = VWWClusteredAnnotationView.m; sourceTree = "<group>"; };
		C6BBCA341BC31C0A009D6887 /* VWWClusteredMapView+ClassExtension.h */ = {isa = PBXFileReference; fileEncoding = 4; lastKnownFileType = sourcecode.c.h; path = "VWWClusteredMapView+ClassExtension.h"; sourceTree = "<group>"; };
		C6BBCA351BC31C0A009D6887 /* VWWClusteredMapView+MKMapViewDelegate.h */ = {isa = PBXFileReference; fileEncoding = 4; lastKnownFileType = sourcecode.c.h; path = "VWWClusteredMapView+MKMapViewDelegate.h"; sourceTree = "<group>"; };
		C6BBCA361BC31C0A009D6887 /* VWWClusteredMapView+MKMapViewDelegate.m */ = {isa = PBXFileReference; fileEncoding = 4; lastKnownFileType = sourcecode.c.objc; path = "VWWClusteredMapView+MKMapViewDelegate.m"; sourceTree = "<group>"; };
		C6BBCA371BC31C0A009D6887 /* VWWClusteredMapView+Private.h */ = {isa = PBXFileReference; fileEncoding = 4; lastKnownFileType = sourcecode.c.h; path = "VWWClusteredMapView+Private.h"; sourceTree = "<group>"; };
		C6BBCA381BC31C0A009D6887 /* VWWClusteredMapView+Private.m */ = {isa = PBXFileReference; fileEncoding = 4; lastKnownFileType = sourcecode.c.objc; path = "VWWClusteredMapView+Private.m"; sourceTree = "<group>"; };
		C6BBCA391BC31C0A009D6887 /* VWWClusteredMapView.h */ = {isa = PBXFileReference; fileEncoding = 4; lastKnownFileType = sourcecode.c.h; path = VWWClusteredMapView.h; sourceTree = "<group>"; };
		C6BBCA3A1BC31C0A009D6887 /* VWWClusteredMapView.m */ = {isa = PBXFileReference; fileEncoding = 4; lastKnownFileType = sourcecode.c.objc; path = VWWClusteredMapView.m; sourceTree = "<group>"; };
		E544EB3B61E1508738FF4B96 /* Pods.debug.xcconfig */ = {isa = PBXFileReference; includeInIndex = 1; lastKnownFileType = text.xcconfig; name = Pods.debug.xcconfig; path = "Pods/Target Support Files/Pods/Pods.debug.xcconfig"; sourceTree = "<group>"; };
/* End PBXFileReference section */

/* Begin PBXFrameworksBuildPhase section */
		C67D862B1BBF429800B2C4CF /* Frameworks */ = {
			isa = PBXFrameworksBuildPhase;
			buildActionMask = 2147483647;
			files = (
				C670921B1C08325100AE06F3 /* CloudKit.framework in Frameworks */,
				C67D86591BBF4E7400B2C4CF /* MapKit.framework in Frameworks */,
				E2A8CCBCF0FF12260E333EE7 /* libPods.a in Frameworks */,
			);
			runOnlyForDeploymentPostprocessing = 0;
		};
/* End PBXFrameworksBuildPhase section */

/* Begin PBXGroup section */
		69889A5A43B61404776A2A34 /* Frameworks */ = {
			isa = PBXGroup;
			children = (
				C670921A1C08325100AE06F3 /* CloudKit.framework */,
				C67D86581BBF4E7400B2C4CF /* MapKit.framework */,
				4C6D147742AB67BDF61BB20A /* libPods.a */,
			);
			name = Frameworks;
			sourceTree = "<group>";
		};
		A8B737188E1A223BAFE73C7B /* Pods */ = {
			isa = PBXGroup;
			children = (
				E544EB3B61E1508738FF4B96 /* Pods.debug.xcconfig */,
				7987C76C34D294E7BC411789 /* Pods.release.xcconfig */,
			);
			name = Pods;
			sourceTree = "<group>";
		};
		C6439A3A1C09311F006BCF73 /* FindFriends */ = {
			isa = PBXGroup;
			children = (
				C6439A371C09311B006BCF73 /* ZHFindFriendsViewController.h */,
				C6439A381C09311B006BCF73 /* ZHFindFriendsViewController.m */,
			);
			name = FindFriends;
			sourceTree = "<group>";
		};
		C6439A4A1C097099006BCF73 /* Base */ = {
			isa = PBXGroup;
			children = (
				C6439A4B1C0970EE006BCF73 /* ZHViewControllerImports.h */,
				C6439A411C097071006BCF73 /* ZHViewController.h */,
				C6439A421C097071006BCF73 /* ZHViewController.m */,
				C6439A441C097085006BCF73 /* ZHTableViewController.h */,
				C6439A451C097085006BCF73 /* ZHTableViewController.m */,
				C6439A471C097092006BCF73 /* ZHCollectionViewController.h */,
				C6439A481C097092006BCF73 /* ZHCollectionViewController.m */,
			);
			name = Base;
			sourceTree = "<group>";
		};
		C6439A4C1C09721B006BCF73 /* Annotations */ = {
			isa = PBXGroup;
			children = (
				C6B829811BC3202A00782468 /* ZHAssetAnnotation.h */,
				C6B829821BC3202A00782468 /* ZHAssetAnnotation.m */,
				C6B829831BC3202A00782468 /* ZHAssetAnnotationView.h */,
				C6B829841BC3202A00782468 /* ZHAssetAnnotationView.m */,
			);
			name = Annotations;
			sourceTree = "<group>";
		};
		C670921F1C08346300AE06F3 /* iCloud */ = {
			isa = PBXGroup;
			children = (
				C6439A331C090A40006BCF73 /* schema.txt */,
				C670921C1C08330100AE06F3 /* ZHCloudManager.h */,
				C670921D1C08330100AE06F3 /* ZHCloudManager.m */,
				C67092201C08346D00AE06F3 /* ZHUser.h */,
				C67092211C08346D00AE06F3 /* ZHUser.m */,
			);
			name = iCloud;
			sourceTree = "<group>";
		};
		C67092261C08396E00AE06F3 /* Onboarding */ = {
			isa = PBXGroup;
			children = (
				C67092231C08396A00AE06F3 /* ZHOnboardingViewController.h */,
				C67092241C08396A00AE06F3 /* ZHOnboardingViewController.m */,
			);
			name = Onboarding;
			sourceTree = "<group>";
		};
		C67D86251BBF429800B2C4CF = {
			isa = PBXGroup;
			children = (
				C67D86301BBF429800B2C4CF /* Phototography */,
				C67D862F1BBF429800B2C4CF /* Products */,
				A8B737188E1A223BAFE73C7B /* Pods */,
				69889A5A43B61404776A2A34 /* Frameworks */,
			);
			sourceTree = "<group>";
		};
		C67D862F1BBF429800B2C4CF /* Products */ = {
			isa = PBXGroup;
			children = (
				C67D862E1BBF429800B2C4CF /* Phototography.app */,
			);
			name = Products;
			sourceTree = "<group>";
		};
		C67D86301BBF429800B2C4CF /* Phototography */ = {
			isa = PBXGroup;
			children = (
				C67092191C08323900AE06F3 /* Phototography.entitlements */,
				C67D865F1BBF538500B2C4CF /* Categories */,
				C67D86521BBF4C0300B2C4CF /* Controllers */,
				C67D86541BBF4C1200B2C4CF /* Documents */,
				C67D86A31BBF815E00B2C4CF /* Include */,
				C67D86311BBF429800B2C4CF /* Supporting Files */,
				C6BBCA251BC31C0A009D6887 /* ThirdParty */,
				C67D86551BBF4C1700B2C4CF /* UserInterface */,
				C67D86AD1BC04B2D00B2C4CF /* Utility */,
				C67D86531BBF4C0800B2C4CF /* ViewControllers */,
			);
			path = Phototography;
			sourceTree = "<group>";
		};
		C67D86311BBF429800B2C4CF /* Supporting Files */ = {
			isa = PBXGroup;
			children = (
				C67D86451BBF429800B2C4CF /* Info.plist */,
				C67D86341BBF429800B2C4CF /* AppDelegate.h */,
				C67D86351BBF429800B2C4CF /* AppDelegate.m */,
				C67D86321BBF429800B2C4CF /* main.m */,
			);
			name = "Supporting Files";
			sourceTree = "<group>";
		};
		C67D86521BBF4C0300B2C4CF /* Controllers */ = {
			isa = PBXGroup;
			children = (
				C67D864B1BBF42B100B2C4CF /* ZHAssetManager.h */,
				C67D864C1BBF42B100B2C4CF /* ZHAssetManager.m */,
				C670921F1C08346300AE06F3 /* iCloud */,
				C6439A3E1C096BB6006BCF73 /* ZHContactsManager.h */,
				C6439A3F1C096BB6006BCF73 /* ZHContactsManager.m */,
			);
			name = Controllers;
			sourceTree = "<group>";
		};
		C67D86531BBF4C0800B2C4CF /* ViewControllers */ = {
			isa = PBXGroup;
			children = (
				C6439A4A1C097099006BCF73 /* Base */,
				C67D86371BBF429800B2C4CF /* ZHMasterViewController.h */,
				C67D86381BBF429800B2C4CF /* ZHMasterViewController.m */,
				C67D863A1BBF429800B2C4CF /* ZHAssetDetailViewController.h */,
				C67D863B1BBF429800B2C4CF /* ZHAssetDetailViewController.m */,
				C67D86B11BC04CE100B2C4CF /* Queue */,
				C67D86A51BBF955600B2C4CF /* Location */,
				C6B8297C1BC31D1200782468 /* Map */,
				C67092261C08396E00AE06F3 /* Onboarding */,
				C6439A3A1C09311F006BCF73 /* FindFriends */,
				C6439A3B1C0962C4006BCF73 /* ZHYouViewController.h */,
				C6439A3C1C0962C4006BCF73 /* ZHYouViewController.m */,
			);
			name = ViewControllers;
			sourceTree = "<group>";
		};
		C67D86541BBF4C1200B2C4CF /* Documents */ = {
			isa = PBXGroup;
			children = (
				C67D86511BBF4A7B00B2C4CF /* Podfile */,
			);
			name = Documents;
			sourceTree = "<group>";
		};
		C67D86551BBF4C1700B2C4CF /* UserInterface */ = {
			isa = PBXGroup;
			children = (
				C67D86401BBF429800B2C4CF /* Assets.xcassets */,
				C6B8297D1BC31D2600782468 /* Storyboards */,
			);
			name = UserInterface;
			sourceTree = "<group>";
		};
		C67D865F1BBF538500B2C4CF /* Categories */ = {
			isa = PBXGroup;
			children = (
				C67D867F1BBF7EF800B2C4CF /* CLLocation+ZH.h */,
				C67D86801BBF7EF800B2C4CF /* CLLocation+ZH.m */,
				C67D86831BBF7EF800B2C4CF /* NSDate+Utilities.h */,
				C67D86841BBF7EF800B2C4CF /* NSDate+Utilities.m */,
				C67D86811BBF7EF800B2C4CF /* NSDate+ZH.h */,
				C67D86821BBF7EF800B2C4CF /* NSDate+ZH.m */,
				C67D86851BBF7EF800B2C4CF /* NSError+ZH.h */,
				C67D86861BBF7EF800B2C4CF /* NSError+ZH.m */,
				C67D86871BBF7EF800B2C4CF /* NSString+ZH.h */,
				C67D86881BBF7EF800B2C4CF /* NSString+ZH.m */,
				C67D86891BBF7EF800B2C4CF /* NSTimer+Blocks.h */,
				C67D868A1BBF7EF800B2C4CF /* NSTimer+Blocks.m */,
				C67D868B1BBF7EF800B2C4CF /* NSURLRequest+AFCurlRequest.h */,
				C67D868C1BBF7EF800B2C4CF /* NSURLRequest+AFCurlRequest.m */,
				C67D868D1BBF7EF800B2C4CF /* NSURLRequest+curl.h */,
				C67D868E1BBF7EF800B2C4CF /* NSURLRequest+curl.m */,
				C67D867B1BBF7EF800B2C4CF /* PHAsset+Utility.h */,
				C67D867C1BBF7EF800B2C4CF /* PHAsset+Utility.m */,
				C67D867E1BBF7EF800B2C4CF /* UIColor+ZH.h */,
				C67D867D1BBF7EF800B2C4CF /* UIColor+ZH.m */,
				C67D868F1BBF7EF800B2C4CF /* UIFont+ZH.h */,
				C67D86901BBF7EF800B2C4CF /* UIFont+ZH.m */,
				C67D86911BBF7EF800B2C4CF /* UIView+RenderToImage.h */,
				C67D86921BBF7EF800B2C4CF /* UIView+RenderToImage.m */,
				C67D86931BBF7EF800B2C4CF /* UIViewController+AlertController.h */,
				C67D86941BBF7EF800B2C4CF /* UIViewController+AlertController.m */,
			);
			name = Categories;
			sourceTree = "<group>";
		};
		C67D86A31BBF815E00B2C4CF /* Include */ = {
			isa = PBXGroup;
			children = (
				C67D86A21BBF7F3000B2C4CF /* ZHDefines.h */,
			);
			name = Include;
			sourceTree = "<group>";
		};
		C67D86A51BBF955600B2C4CF /* Location */ = {
			isa = PBXGroup;
			children = (
				C67D86A61BBF955C00B2C4CF /* Annotation */,
				C67D86631BBF541600B2C4CF /* ZHLocationViewController.h */,
				C67D86641BBF541600B2C4CF /* ZHLocationViewController.m */,
				C67D86A71BBF959800B2C4CF /* ZHLocationSearchTableViewController.h */,
				C67D86A81BBF959800B2C4CF /* ZHLocationSearchTableViewController.m */,
			);
			name = Location;
			sourceTree = "<group>";
		};
		C67D86A61BBF955C00B2C4CF /* Annotation */ = {
			isa = PBXGroup;
			children = (
				C67D86661BBF5B2700B2C4CF /* ZHPin.h */,
				C67D86671BBF5B2700B2C4CF /* ZHPin.m */,
			);
			name = Annotation;
			sourceTree = "<group>";
		};
		C67D86AD1BC04B2D00B2C4CF /* Utility */ = {
			isa = PBXGroup;
			children = (
				C67D86AA1BC04B2700B2C4CF /* ZHUserDefaults.h */,
				C67D86AB1BC04B2700B2C4CF /* ZHUserDefaults.m */,
			);
			name = Utility;
			sourceTree = "<group>";
		};
		C67D86B11BC04CE100B2C4CF /* Queue */ = {
			isa = PBXGroup;
			children = (
				C67D86AE1BC04CDC00B2C4CF /* ZHQueueViewController.h */,
				C67D86AF1BC04CDC00B2C4CF /* ZHQueueViewController.m */,
			);
			name = Queue;
			sourceTree = "<group>";
		};
		C6B8297C1BC31D1200782468 /* Map */ = {
			isa = PBXGroup;
			children = (
				C6B829791BC31D0E00782468 /* ZHMapViewController.h */,
				C6B8297A1BC31D0E00782468 /* ZHMapViewController.m */,
				C6439A4C1C09721B006BCF73 /* Annotations */,
			);
			name = Map;
			sourceTree = "<group>";
		};
		C6B8297D1BC31D2600782468 /* Storyboards */ = {
			isa = PBXGroup;
			children = (
				C67D86421BBF429800B2C4CF /* LaunchScreen.storyboard */,
				C67D863D1BBF429800B2C4CF /* Main.storyboard */,
				C6B829771BC31CE800782468 /* Map.storyboard */,
				C67D86561BBF4C2C00B2C4CF /* Onboarding.storyboard */,
				C6439A351C0930CC006BCF73 /* FindFriends.storyboard */,
			);
			name = Storyboards;
			sourceTree = "<group>";
		};
		C6BBCA251BC31C0A009D6887 /* ThirdParty */ = {
			isa = PBXGroup;
			children = (
				C6BBCA261BC31C0A009D6887 /* VWWClusteredMapView */,
			);
			path = ThirdParty;
			sourceTree = "<group>";
		};
		C6BBCA261BC31C0A009D6887 /* VWWClusteredMapView */ = {
			isa = PBXGroup;
			children = (
				C6BBCA271BC31C0A009D6887 /* Documents */,
				C6BBCA291BC31C0A009D6887 /* QuadTree */,
				C6BBCA301BC31C0A009D6887 /* VWWAnnotationFanoutView.h */,
				C6BBCA311BC31C0A009D6887 /* VWWAnnotationFanoutView.m */,
				C6BBCA321BC31C0A009D6887 /* VWWClusteredAnnotationView.h */,
				C6BBCA331BC31C0A009D6887 /* VWWClusteredAnnotationView.m */,
				C6BBCA341BC31C0A009D6887 /* VWWClusteredMapView+ClassExtension.h */,
				C6BBCA351BC31C0A009D6887 /* VWWClusteredMapView+MKMapViewDelegate.h */,
				C6BBCA361BC31C0A009D6887 /* VWWClusteredMapView+MKMapViewDelegate.m */,
				C6BBCA371BC31C0A009D6887 /* VWWClusteredMapView+Private.h */,
				C6BBCA381BC31C0A009D6887 /* VWWClusteredMapView+Private.m */,
				C6BBCA391BC31C0A009D6887 /* VWWClusteredMapView.h */,
				C6BBCA3A1BC31C0A009D6887 /* VWWClusteredMapView.m */,
			);
			path = VWWClusteredMapView;
			sourceTree = "<group>";
		};
		C6BBCA271BC31C0A009D6887 /* Documents */ = {
			isa = PBXGroup;
			children = (
				C6BBCA281BC31C0A009D6887 /* Ideas.txt */,
			);
			path = Documents;
			sourceTree = "<group>";
		};
		C6BBCA291BC31C0A009D6887 /* QuadTree */ = {
			isa = PBXGroup;
			children = (
				C6BBCA2A1BC31C0A009D6887 /* VWWClusteredAnnotation.h */,
				C6BBCA2B1BC31C0A009D6887 /* VWWClusteredAnnotation.m */,
				C6BBCA2C1BC31C0A009D6887 /* VWWCoordinateQuadTree.h */,
				C6BBCA2D1BC31C0A009D6887 /* VWWCoordinateQuadTree.m */,
				C6BBCA2E1BC31C0A009D6887 /* VWWQuadTree.h */,
				C6BBCA2F1BC31C0A009D6887 /* VWWQuadTree.m */,
			);
			path = QuadTree;
			sourceTree = "<group>";
		};
/* End PBXGroup section */

/* Begin PBXNativeTarget section */
		C67D862D1BBF429800B2C4CF /* Phototography */ = {
			isa = PBXNativeTarget;
			buildConfigurationList = C67D86481BBF429800B2C4CF /* Build configuration list for PBXNativeTarget "Phototography" */;
			buildPhases = (
				18C6BF2E08A245CE37A9EF04 /* Check Pods Manifest.lock */,
				C67D862A1BBF429800B2C4CF /* Sources */,
				C67D862B1BBF429800B2C4CF /* Frameworks */,
				C67D862C1BBF429800B2C4CF /* Resources */,
				85F15E88C7B0B445E781C9B7 /* Copy Pods Resources */,
			);
			buildRules = (
			);
			dependencies = (
			);
			name = Phototography;
			productName = Phototography;
			productReference = C67D862E1BBF429800B2C4CF /* Phototography.app */;
			productType = "com.apple.product-type.application";
		};
/* End PBXNativeTarget section */

/* Begin PBXProject section */
		C67D86261BBF429800B2C4CF /* Project object */ = {
			isa = PBXProject;
			attributes = {
				LastUpgradeCheck = 0710;
				ORGANIZATIONNAME = "Zakk Hoyt";
				TargetAttributes = {
					C67D862D1BBF429800B2C4CF = {
						CreatedOnToolsVersion = 7.1;
						DevelopmentTeam = J7U74N85YF;
						SystemCapabilities = {
							com.apple.BackgroundModes = {
								enabled = 1;
							};
							com.apple.Maps.iOS = {
								enabled = 1;
							};
							com.apple.iCloud = {
								enabled = 1;
							};
						};
					};
				};
			};
			buildConfigurationList = C67D86291BBF429800B2C4CF /* Build configuration list for PBXProject "Phototography" */;
			compatibilityVersion = "Xcode 3.2";
			developmentRegion = English;
			hasScannedForEncodings = 0;
			knownRegions = (
				en,
				Base,
			);
			mainGroup = C67D86251BBF429800B2C4CF;
			productRefGroup = C67D862F1BBF429800B2C4CF /* Products */;
			projectDirPath = "";
			projectRoot = "";
			targets = (
				C67D862D1BBF429800B2C4CF /* Phototography */,
			);
		};
/* End PBXProject section */

/* Begin PBXResourcesBuildPhase section */
		C67D862C1BBF429800B2C4CF /* Resources */ = {
			isa = PBXResourcesBuildPhase;
			buildActionMask = 2147483647;
			files = (
				C6BBCA3B1BC31C0A009D6887 /* Ideas.txt in Resources */,
				C67D86441BBF429800B2C4CF /* LaunchScreen.storyboard in Resources */,
				C6439A341C090A40006BCF73 /* schema.txt in Resources */,
				C67D86411BBF429800B2C4CF /* Assets.xcassets in Resources */,
				C67D863F1BBF429800B2C4CF /* Main.storyboard in Resources */,
				C6439A361C0930CC006BCF73 /* FindFriends.storyboard in Resources */,
				C67D86571BBF4C2C00B2C4CF /* Onboarding.storyboard in Resources */,
				C6B829781BC31CE800782468 /* Map.storyboard in Resources */,
			);
			runOnlyForDeploymentPostprocessing = 0;
		};
/* End PBXResourcesBuildPhase section */

/* Begin PBXShellScriptBuildPhase section */
		18C6BF2E08A245CE37A9EF04 /* Check Pods Manifest.lock */ = {
			isa = PBXShellScriptBuildPhase;
			buildActionMask = 2147483647;
			files = (
			);
			inputPaths = (
			);
			name = "Check Pods Manifest.lock";
			outputPaths = (
			);
			runOnlyForDeploymentPostprocessing = 0;
			shellPath = /bin/sh;
			shellScript = "diff \"${PODS_ROOT}/../Podfile.lock\" \"${PODS_ROOT}/Manifest.lock\" > /dev/null\nif [[ $? != 0 ]] ; then\n    cat << EOM\nerror: The sandbox is not in sync with the Podfile.lock. Run 'pod install' or update your CocoaPods installation.\nEOM\n    exit 1\nfi\n";
			showEnvVarsInLog = 0;
		};
		85F15E88C7B0B445E781C9B7 /* Copy Pods Resources */ = {
			isa = PBXShellScriptBuildPhase;
			buildActionMask = 2147483647;
			files = (
			);
			inputPaths = (
			);
			name = "Copy Pods Resources";
			outputPaths = (
			);
			runOnlyForDeploymentPostprocessing = 0;
			shellPath = /bin/sh;
			shellScript = "\"${SRCROOT}/Pods/Target Support Files/Pods/Pods-resources.sh\"\n";
			showEnvVarsInLog = 0;
		};
/* End PBXShellScriptBuildPhase section */

/* Begin PBXSourcesBuildPhase section */
		C67D862A1BBF429800B2C4CF /* Sources */ = {
			isa = PBXSourcesBuildPhase;
			buildActionMask = 2147483647;
			files = (
				C67D86961BBF7EF800B2C4CF /* UIColor+ZH.m in Sources */,
				C67D86A11BBF7EF800B2C4CF /* UIViewController+AlertController.m in Sources */,
				C6439A401C096BB7006BCF73 /* ZHContactsManager.m in Sources */,
				C6439A431C097071006BCF73 /* ZHViewController.m in Sources */,
				C67D86B01BC04CDC00B2C4CF /* ZHQueueViewController.m in Sources */,
				C6BBCA411BC31C0A009D6887 /* VWWClusteredMapView+MKMapViewDelegate.m in Sources */,
				C67D869F1BBF7EF800B2C4CF /* UIFont+ZH.m in Sources */,
				C67D86981BBF7EF800B2C4CF /* NSDate+ZH.m in Sources */,
				C6439A3D1C0962C4006BCF73 /* ZHYouViewController.m in Sources */,
				C6BBCA3C1BC31C0A009D6887 /* VWWClusteredAnnotation.m in Sources */,
				C67D86361BBF429800B2C4CF /* AppDelegate.m in Sources */,
				C67D869C1BBF7EF800B2C4CF /* NSTimer+Blocks.m in Sources */,
				C67D86AC1BC04B2700B2C4CF /* ZHUserDefaults.m in Sources */,
				C6BBCA3E1BC31C0A009D6887 /* VWWQuadTree.m in Sources */,
				C67D86651BBF541600B2C4CF /* ZHLocationViewController.m in Sources */,
				C67D869D1BBF7EF800B2C4CF /* NSURLRequest+AFCurlRequest.m in Sources */,
				C67D86681BBF5B2700B2C4CF /* ZHPin.m in Sources */,
				C6B829851BC3202A00782468 /* ZHAssetAnnotation.m in Sources */,
				C6BBCA421BC31C0A009D6887 /* VWWClusteredMapView+Private.m in Sources */,
				C67092251C08396A00AE06F3 /* ZHOnboardingViewController.m in Sources */,
				C67092221C08346D00AE06F3 /* ZHUser.m in Sources */,
				C6B8297B1BC31D0E00782468 /* ZHMapViewController.m in Sources */,
				C67D869E1BBF7EF800B2C4CF /* NSURLRequest+curl.m in Sources */,
				C67D86951BBF7EF800B2C4CF /* PHAsset+Utility.m in Sources */,
				C6439A391C09311B006BCF73 /* ZHFindFriendsViewController.m in Sources */,
				C67D864D1BBF42B100B2C4CF /* ZHAssetManager.m in Sources */,
				C6BBCA401BC31C0A009D6887 /* VWWClusteredAnnotationView.m in Sources */,
				C6B829861BC3202A00782468 /* ZHAssetAnnotationView.m in Sources */,
				C6BBCA431BC31C0A009D6887 /* VWWClusteredMapView.m in Sources */,
				C6439A461C097085006BCF73 /* ZHTableViewController.m in Sources */,
				C6BBCA3D1BC31C0A009D6887 /* VWWCoordinateQuadTree.m in Sources */,
				C67D86991BBF7EF800B2C4CF /* NSDate+Utilities.m in Sources */,
				C6439A491C097092006BCF73 /* ZHCollectionViewController.m in Sources */,
				C67D86A01BBF7EF800B2C4CF /* UIView+RenderToImage.m in Sources */,
				C67D869B1BBF7EF800B2C4CF /* NSString+ZH.m in Sources */,
				C67D86A91BBF959800B2C4CF /* ZHLocationSearchTableViewController.m in Sources */,
				C6BBCA3F1BC31C0A009D6887 /* VWWAnnotationFanoutView.m in Sources */,
				C67D869A1BBF7EF800B2C4CF /* NSError+ZH.m in Sources */,
				C67D86391BBF429800B2C4CF /* ZHMasterViewController.m in Sources */,
				C670921E1C08330100AE06F3 /* ZHCloudManager.m in Sources */,
				C67D86331BBF429800B2C4CF /* main.m in Sources */,
				C67D86971BBF7EF800B2C4CF /* CLLocation+ZH.m in Sources */,
				C67D863C1BBF429800B2C4CF /* ZHAssetDetailViewController.m in Sources */,
			);
			runOnlyForDeploymentPostprocessing = 0;
		};
/* End PBXSourcesBuildPhase section */

/* Begin PBXVariantGroup section */
		C67D863D1BBF429800B2C4CF /* Main.storyboard */ = {
			isa = PBXVariantGroup;
			children = (
				C67D863E1BBF429800B2C4CF /* Base */,
			);
			name = Main.storyboard;
			sourceTree = "<group>";
		};
		C67D86421BBF429800B2C4CF /* LaunchScreen.storyboard */ = {
			isa = PBXVariantGroup;
			children = (
				C67D86431BBF429800B2C4CF /* Base */,
			);
			name = LaunchScreen.storyboard;
			sourceTree = "<group>";
		};
/* End PBXVariantGroup section */

/* Begin XCBuildConfiguration section */
		C67D86461BBF429800B2C4CF /* Debug */ = {
			isa = XCBuildConfiguration;
			buildSettings = {
				ALWAYS_SEARCH_USER_PATHS = NO;
				CLANG_CXX_LANGUAGE_STANDARD = "gnu++0x";
				CLANG_CXX_LIBRARY = "libc++";
				CLANG_ENABLE_MODULES = YES;
				CLANG_ENABLE_OBJC_ARC = YES;
				CLANG_WARN_BOOL_CONVERSION = YES;
				CLANG_WARN_CONSTANT_CONVERSION = YES;
				CLANG_WARN_DIRECT_OBJC_ISA_USAGE = YES_ERROR;
				CLANG_WARN_EMPTY_BODY = YES;
				CLANG_WARN_ENUM_CONVERSION = YES;
				CLANG_WARN_INT_CONVERSION = YES;
				CLANG_WARN_OBJC_ROOT_CLASS = YES_ERROR;
				CLANG_WARN_UNREACHABLE_CODE = YES;
				CLANG_WARN__DUPLICATE_METHOD_MATCH = YES;
				"CODE_SIGN_IDENTITY[sdk=iphoneos*]" = "iPhone Developer";
				COPY_PHASE_STRIP = NO;
				DEBUG_INFORMATION_FORMAT = dwarf;
				ENABLE_STRICT_OBJC_MSGSEND = YES;
				ENABLE_TESTABILITY = YES;
				GCC_C_LANGUAGE_STANDARD = gnu99;
				GCC_DYNAMIC_NO_PIC = NO;
				GCC_NO_COMMON_BLOCKS = YES;
				GCC_OPTIMIZATION_LEVEL = 0;
				GCC_PREPROCESSOR_DEFINITIONS = (
					"DEBUG=1",
					"$(inherited)",
				);
				GCC_WARN_64_TO_32_BIT_CONVERSION = YES;
				GCC_WARN_ABOUT_RETURN_TYPE = YES_ERROR;
				GCC_WARN_UNDECLARED_SELECTOR = YES;
				GCC_WARN_UNINITIALIZED_AUTOS = YES_AGGRESSIVE;
				GCC_WARN_UNUSED_FUNCTION = YES;
				GCC_WARN_UNUSED_VARIABLE = YES;
				IPHONEOS_DEPLOYMENT_TARGET = 9.0;
				MTL_ENABLE_DEBUG_INFO = YES;
				ONLY_ACTIVE_ARCH = YES;
				SDKROOT = iphoneos;
				TARGETED_DEVICE_FAMILY = "1,2";
			};
			name = Debug;
		};
		C67D86471BBF429800B2C4CF /* Release */ = {
			isa = XCBuildConfiguration;
			buildSettings = {
				ALWAYS_SEARCH_USER_PATHS = NO;
				CLANG_CXX_LANGUAGE_STANDARD = "gnu++0x";
				CLANG_CXX_LIBRARY = "libc++";
				CLANG_ENABLE_MODULES = YES;
				CLANG_ENABLE_OBJC_ARC = YES;
				CLANG_WARN_BOOL_CONVERSION = YES;
				CLANG_WARN_CONSTANT_CONVERSION = YES;
				CLANG_WARN_DIRECT_OBJC_ISA_USAGE = YES_ERROR;
				CLANG_WARN_EMPTY_BODY = YES;
				CLANG_WARN_ENUM_CONVERSION = YES;
				CLANG_WARN_INT_CONVERSION = YES;
				CLANG_WARN_OBJC_ROOT_CLASS = YES_ERROR;
				CLANG_WARN_UNREACHABLE_CODE = YES;
				CLANG_WARN__DUPLICATE_METHOD_MATCH = YES;
				"CODE_SIGN_IDENTITY[sdk=iphoneos*]" = "iPhone Developer";
				COPY_PHASE_STRIP = NO;
				DEBUG_INFORMATION_FORMAT = "dwarf-with-dsym";
				ENABLE_NS_ASSERTIONS = NO;
				ENABLE_STRICT_OBJC_MSGSEND = YES;
				GCC_C_LANGUAGE_STANDARD = gnu99;
				GCC_NO_COMMON_BLOCKS = YES;
				GCC_WARN_64_TO_32_BIT_CONVERSION = YES;
				GCC_WARN_ABOUT_RETURN_TYPE = YES_ERROR;
				GCC_WARN_UNDECLARED_SELECTOR = YES;
				GCC_WARN_UNINITIALIZED_AUTOS = YES_AGGRESSIVE;
				GCC_WARN_UNUSED_FUNCTION = YES;
				GCC_WARN_UNUSED_VARIABLE = YES;
				IPHONEOS_DEPLOYMENT_TARGET = 9.0;
				MTL_ENABLE_DEBUG_INFO = NO;
				SDKROOT = iphoneos;
				TARGETED_DEVICE_FAMILY = "1,2";
				VALIDATE_PRODUCT = YES;
			};
			name = Release;
		};
		C67D86491BBF429800B2C4CF /* Debug */ = {
			isa = XCBuildConfiguration;
			baseConfigurationReference = E544EB3B61E1508738FF4B96 /* Pods.debug.xcconfig */;
			buildSettings = {
				ASSETCATALOG_COMPILER_APPICON_NAME = AppIcon;
				CODE_SIGN_ENTITLEMENTS = Phototography/Phototography.entitlements;
				CODE_SIGN_IDENTITY = "iPhone Developer";
				"CODE_SIGN_IDENTITY[sdk=iphoneos*]" = "iPhone Developer";
				INFOPLIST_FILE = Phototography/Info.plist;
				IPHONEOS_DEPLOYMENT_TARGET = 9.0;
				LD_RUNPATH_SEARCH_PATHS = "$(inherited) @executable_path/Frameworks";
				PRODUCT_BUNDLE_IDENTIFIER = com.vaporwarewolf.Phototography;
				PRODUCT_NAME = "$(TARGET_NAME)";
				PROVISIONING_PROFILE = "";
			};
			name = Debug;
		};
		C67D864A1BBF429800B2C4CF /* Release */ = {
			isa = XCBuildConfiguration;
			baseConfigurationReference = 7987C76C34D294E7BC411789 /* Pods.release.xcconfig */;
			buildSettings = {
				ASSETCATALOG_COMPILER_APPICON_NAME = AppIcon;
				CODE_SIGN_ENTITLEMENTS = Phototography/Phototography.entitlements;
				CODE_SIGN_IDENTITY = "iPhone Developer";
				"CODE_SIGN_IDENTITY[sdk=iphoneos*]" = "iPhone Developer";
				INFOPLIST_FILE = Phototography/Info.plist;
				IPHONEOS_DEPLOYMENT_TARGET = 9.0;
				LD_RUNPATH_SEARCH_PATHS = "$(inherited) @executable_path/Frameworks";
				PRODUCT_BUNDLE_IDENTIFIER = com.vaporwarewolf.Phototography;
				PRODUCT_NAME = "$(TARGET_NAME)";
				PROVISIONING_PROFILE = "";
			};
			name = Release;
		};
/* End XCBuildConfiguration section */

/* Begin XCConfigurationList section */
		C67D86291BBF429800B2C4CF /* Build configuration list for PBXProject "Phototography" */ = {
			isa = XCConfigurationList;
			buildConfigurations = (
				C67D86461BBF429800B2C4CF /* Debug */,
				C67D86471BBF429800B2C4CF /* Release */,
			);
			defaultConfigurationIsVisible = 0;
			defaultConfigurationName = Release;
		};
		C67D86481BBF429800B2C4CF /* Build configuration list for PBXNativeTarget "Phototography" */ = {
			isa = XCConfigurationList;
			buildConfigurations = (
				C67D86491BBF429800B2C4CF /* Debug */,
				C67D864A1BBF429800B2C4CF /* Release */,
			);
			defaultConfigurationIsVisible = 0;
			defaultConfigurationName = Release;
		};
/* End XCConfigurationList section */
	};
	rootObject = C67D86261BBF429800B2C4CF /* Project object */;
}
